<?xml version="1.0" encoding="utf-8"?>
<Project ToolsVersion="4.0" xmlns="http://schemas.microsoft.com/developer/msbuild/2003">
  <ItemGroup>
    <Filter Include="Source Files">
      <UniqueIdentifier>{4FC737F1-C7A5-4376-A066-2A32D752A2FF}</UniqueIdentifier>
      <Extensions>cpp;c;cc;cxx;def;odl;idl;hpj;bat;asm;asmx</Extensions>
    </Filter>
    <Filter Include="Header Files">
      <UniqueIdentifier>{93995380-89BD-4b04-88EB-625FBE52EBFB}</UniqueIdentifier>
      <Extensions>h;hh;hpp;hxx;hm;inl;inc;xsd</Extensions>
    </Filter>
    <Filter Include="Resource Files">
      <UniqueIdentifier>{67DA6AB6-F800-4c08-8B7A-83BB121AAD01}</UniqueIdentifier>
      <Extensions>rc;ico;cur;bmp;dlg;rc2;rct;bin;rgs;gif;jpg;jpeg;jpe;resx;tiff;tif;png;wav;mfcribbon-ms</Extensions>
    </Filter>
    <Filter Include="Resource Files\Resources">
      <UniqueIdentifier>{015a6553-8254-496b-8cfe-bc71bac05fbf}</UniqueIdentifier>
    </Filter>
    <Filter Include="Resource Files\Resources\Shaders">
      <UniqueIdentifier>{3e92873b-786d-453d-83e2-b1af2f4a44eb}</UniqueIdentifier>
    </Filter>
    <Filter Include="Resource Files\Resources\Textures">
      <UniqueIdentifier>{9a2ad026-1241-4308-9d46-9229fbed7b96}</UniqueIdentifier>
    </Filter>
    <Filter Include="Scenes">
      <UniqueIdentifier>{152967c4-fea5-4dd5-b3e4-da34d01a7ded}</UniqueIdentifier>
    </Filter>
  </ItemGroup>
  <ItemGroup>
    <Text Include="ReadMe.txt" />
  </ItemGroup>
  <ItemGroup>
    <ClInclude Include="stdafx.h">
      <Filter>Header Files</Filter>
    </ClInclude>
    <ClInclude Include="targetver.h">
      <Filter>Header Files</Filter>
    </ClInclude>
    <ClInclude Include="..\Middleware\glad\include\glad\glad.h">
      <Filter>Header Files</Filter>
    </ClInclude>
    <ClInclude Include="engine.h">
      <Filter>Header Files</Filter>
    </ClInclude>
    <ClInclude Include="input.h">
      <Filter>Header Files</Filter>
    </ClInclude>
    <ClInclude Include="renderer.h">
      <Filter>Header Files</Filter>
    </ClInclude>
    <ClInclude Include="system.h">
      <Filter>Header Files</Filter>
    </ClInclude>
    <ClInclude Include="timer.h">
      <Filter>Header Files</Filter>
    </ClInclude>
    <ClInclude Include="resource.h">
      <Filter>Header Files</Filter>
    </ClInclude>
    <ClInclude Include="scene.h">
      <Filter>Header Files</Filter>
    </ClInclude>
    <ClInclude Include="scene01.h">
      <Filter>Scenes</Filter>
    </ClInclude>
    <ClInclude Include="scene03.h">
      <Filter>Scenes</Filter>
    </ClInclude>
    <ClInclude Include="scene02.h">
      <Filter>Scenes</Filter>
    </ClInclude>
    <ClInclude Include="scene04.h">
      <Filter>Scenes</Filter>
    </ClInclude>
    <ClInclude Include="shader.h">
      <Filter>Header Files</Filter>
    </ClInclude>
    <ClInclude Include="image.h">
      <Filter>Header Files</Filter>
    </ClInclude>
    <ClInclude Include="..\Middleware\stb\stb_image.h">
      <Filter>Header Files</Filter>
    </ClInclude>
    <ClInclude Include="object.h">
      <Filter>Header Files</Filter>
    </ClInclude>
    <ClInclude Include="transform.h">
      <Filter>Header Files</Filter>
    </ClInclude>
    <ClInclude Include="camera.h">
      <Filter>Header Files</Filter>
    </ClInclude>
    <ClInclude Include="meshLoader.h">
      <Filter>Header Files</Filter>
    </ClInclude>
    <ClInclude Include="material.h">
      <Filter>Header Files</Filter>
    </ClInclude>
  </ItemGroup>
  <ItemGroup>
    <ClCompile Include="stdafx.cpp">
      <Filter>Source Files</Filter>
    </ClCompile>
    <ClCompile Include="..\Middleware\glad\src\glad.c">
      <Filter>Source Files</Filter>
    </ClCompile>
    <ClCompile Include="engine.cpp">
      <Filter>Source Files</Filter>
    </ClCompile>
    <ClCompile Include="input.cpp">
      <Filter>Source Files</Filter>
    </ClCompile>
    <ClCompile Include="renderer.cpp">
      <Filter>Source Files</Filter>
    </ClCompile>
    <ClCompile Include="timer.cpp">
      <Filter>Source Files</Filter>
    </ClCompile>
    <ClCompile Include="Main.cpp">
      <Filter>Source Files</Filter>
    </ClCompile>
    <ClCompile Include="scene.cpp">
      <Filter>Source Files</Filter>
    </ClCompile>
    <ClCompile Include="scene01.cpp">
      <Filter>Scenes</Filter>
    </ClCompile>
    <ClCompile Include="scene03.cpp">
      <Filter>Scenes</Filter>
    </ClCompile>
    <ClCompile Include="scene02.cpp">
      <Filter>Scenes</Filter>
    </ClCompile>
    <ClCompile Include="scene04.cpp">
      <Filter>Scenes</Filter>
    </ClCompile>
    <ClCompile Include="shader.cpp">
      <Filter>Source Files</Filter>
    </ClCompile>
    <ClCompile Include="image.cpp">
      <Filter>Source Files</Filter>
    </ClCompile>
    <ClCompile Include="object.cpp">
      <Filter>Source Files</Filter>
    </ClCompile>
    <ClCompile Include="transform.cpp">
      <Filter>Source Files</Filter>
    </ClCompile>
    <ClCompile Include="camera.cpp">
      <Filter>Source Files</Filter>
    </ClCompile>
    <ClCompile Include="meshLoader.cpp">
      <Filter>Source Files</Filter>
    </ClCompile>
    <ClCompile Include="material.cpp">
      <Filter>Source Files</Filter>
    </ClCompile>
  </ItemGroup>
  <ItemGroup>
    <ResourceCompile Include="ComputerGraphicsFramework.rc">
      <Filter>Resource Files</Filter>
    </ResourceCompile>
  </ItemGroup>
  <ItemGroup>
    <None Include="Resources\Shaders\basic.frag">
      <Filter>Resource Files\Resources\Shaders</Filter>
    </None>
    <None Include="Resources\Shaders\basic.vert">
      <Filter>Resource Files\Resources\Shaders</Filter>
    </None>
    <None Include="Resources\Shaders\transform.vert">
      <Filter>Resource Files\Resources\Shaders</Filter>
    </None>
    <None Include="Resources\Shaders\light.vert">
      <Filter>Resource Files\Resources\Shaders</Filter>
    </None>
    <None Include="Resources\Shaders\phong.frag">
      <Filter>Resource Files\Resources\Shaders</Filter>
    </None>
    <None Include="Resources\Shaders\phong.vert">
      <Filter>Resource Files\Resources\Shaders</Filter>
    </None>
    <None Include="Resources\Shaders\texture_phong.frag">
      <Filter>Resource Files\Resources\Shaders</Filter>
    </None>
    <None Include="Resources\Shaders\texture_phong.vert">
      <Filter>Resource Files\Resources\Shaders</Filter>
    </None>
    <None Include="Resources\Shaders\multi_phong.frag">
      <Filter>Resource Files\Resources\Shaders</Filter>
    </None>
    <None Include="Resources\Shaders\multi_phong.vert">
      <Filter>Resource Files\Resources\Shaders</Filter>
    </None>
    <None Include="Resources\Shaders\specular_phong.frag">
      <Filter>Resource Files\Resources\Shaders</Filter>
    </None>
  </ItemGroup>
</Project>