
Microsoft Visual Studio Solution File, Format Version 12.00
# Visual Studio 15
VisualStudioVersion = 15.0.26730.16
MinimumVisualStudioVersion = 10.0.40219.1
Project("{8BC9CEB8-8B4A-11D0-8D11-00A0C91BC942}") = "ComputerGraphicsFramework", "ComputerGraphicsFramework.vcxproj", "{563E65B0-A159-4EB0-A4C0-F7A7D046D043}"
EndProject
Global
	GlobalSection(SolutionConfigurationPlatforms) = preSolution
		Debug|x64 = Debug|x64
		Debug|x86 = Debug|x86
		Release|x64 = Release|x64
		Release|x86 = Release|x86
	EndGlobalSection
	GlobalSection(ProjectConfigurationPlatforms) = postSolution
		{563E65B0-A159-4EB0-A4C0-F7A7D046D043}.Debug|x64.ActiveCfg = Debug|x64
		{563E65B0-A159-4EB0-A4C0-F7A7D046D043}.Debug|x64.Build.0 = Debug|x64
		{563E65B0-A159-4EB0-A4C0-F7A7D046D043}.Debug|x86.ActiveCfg = Debug|Win32
		{563E65B0-A159-4EB0-A4C0-F7A7D046D043}.Debug|x86.Build.0 = Debug|Win32
		{563E65B0-A159-4EB0-A4C0-F7A7D046D043}.Release|x64.ActiveCfg = Release|x64
		{563E65B0-A159-4EB0-A4C0-F7A7D046D043}.Release|x64.Build.0 = Release|x64
		{563E65B0-A159-4EB0-A4C0-F7A7D046D043}.Release|x86.ActiveCfg = Release|Win32
		{563E65B0-A159-4EB0-A4C0-F7A7D046D043}.Release|x86.Build.0 = Release|Win32
	EndGlobalSection
	GlobalSection(SolutionProperties) = preSolution
		HideSolutionNode = FALSE
	EndGlobalSection
	GlobalSection(ExtensibilityGlobals) = postSolution
		SolutionGuid = {07BFB81B-5A16-4B21-9F9B-DEF027D511DE}
	EndGlobalSection
EndGlobal
